
Microsoft Visual Studio Solution File, Format Version 12.00
# Visual Studio Version 16
VisualStudioVersion = 16.0.29509.3
MinimumVisualStudioVersion = 10.0.40219.1
Project("{9A19103F-16F7-4668-BE54-9A1E7A4F7556}") = "DependencyInjectionExampleProject", "DependencyInjectionExampleProject.csproj", "{3154FB47-949D-49A3-9059-D907B09717D9}"
EndProject
Project("{9A19103F-16F7-4668-BE54-9A1E7A4F7556}") = "NUnitTestProject", "NUnitTestProject\NUnitTestProject.csproj", "{1E1C89F9-9762-4C49-A1DC-A1A2F647D3F0}"
EndProject
Project("{2150E333-8FDC-42A3-9474-1A3956D46DE8}") = "Solution Items", "Solution Items", "{443C3DC3-F4B1-4BB0-AB82-40F3C316690C}"
	ProjectSection(SolutionItems) = preProject
		.editorconfig = .editorconfig
		App.config.xml = App.config.xml
	EndProjectSection
EndProject
Project("{9A19103F-16F7-4668-BE54-9A1E7A4F7556}") = "PageObjects", "PageObjects\PageObjects.csproj", "{9BF32110-3D33-4EDF-9203-4B1BDBDF47C2}"
EndProject
Project("{9A19103F-16F7-4668-BE54-9A1E7A4F7556}") = "SeleniumWebDriver", "SeleniumWebDriver\SeleniumWebDriver.csproj", "{C87DDD69-4265-49AA-AAA7-55E93CA106DF}"
EndProject
Project("{9A19103F-16F7-4668-BE54-9A1E7A4F7556}") = "TestUtilities", "TestUtilities\TestUtilities.csproj", "{6CE897FF-1E21-447A-AF1A-843B85418EC6}"
EndProject
Project("{9A19103F-16F7-4668-BE54-9A1E7A4F7556}") = "AutomationServices", "AutomatonServices\AutomationServices.csproj", "{678C891A-88D2-4F52-8B27-F79590843774}"
EndProject
Project("{9A19103F-16F7-4668-BE54-9A1E7A4F7556}") = "DataModelLibrary", "DataModelLibrary\DataModelLibrary.csproj", "{CC11A281-CBFF-4193-A03E-B2B6989E7B06}"
EndProject
Project("{9A19103F-16F7-4668-BE54-9A1E7A4F7556}") = "TestRunnerLibrary", "TestRunner\TestRunnerLibrary.csproj", "{B91E9635-A721-4120-943C-DBF0D40022B4}"
EndProject
Project("{9A19103F-16F7-4668-BE54-9A1E7A4F7556}") = "AppiumMobileDriver", "AppiumMobileDriver\AppiumMobileDriver.csproj", "{F1F9EAF1-90C8-4066-8650-4EC350EF3EA3}"
EndProject
Project("{9A19103F-16F7-4668-BE54-9A1E7A4F7556}") = "MobilePageObjectLibrary", "MobilePageObjectLibrary\MobilePageObjectLibrary.csproj", "{9AAB4FB9-7FD0-47A1-85E8-B5B6B414074C}"
EndProject
Project("{9A19103F-16F7-4668-BE54-9A1E7A4F7556}") = "TestProjectSDKLibrary", "TestProjectSDKLibrary\TestProjectSDKLibrary.csproj", "{35D8688C-CDA5-4614-B8D0-B151055F5E29}"
EndProject
Project("{9A19103F-16F7-4668-BE54-9A1E7A4F7556}") = "ProgramTester", "..\ProgramTester\ProgramTester.csproj", "{9DD3684C-D6B4-40B3-8E78-03330C3D3160}"
EndProject
Project("{9A19103F-16F7-4668-BE54-9A1E7A4F7556}") = "PlayWright", "PlayWright\PlayWright.csproj", "{C3EC0AA6-5B69-4640-9691-C55A730484F7}"
EndProject
Project("{FAE04EC0-301F-11D3-BF4B-00C04F79EFBC}") = "ProjectCustomTemplateItems", "ProjectCustomItemTemplates\ProjectCustomTemplateItems\ProjectCustomTemplateItems.csproj", "{E5ED8672-CFF2-4279-8C90-8C3091A808FD}"
EndProject
Project("{FAE04EC0-301F-11D3-BF4B-00C04F79EFBC}") = "StepRunner", "StepRunner\StepRunner.csproj", "{95B1A5F6-8B91-4CD0-85F8-34340D37A232}"
EndProject
Global
	GlobalSection(SolutionConfigurationPlatforms) = preSolution
		Debug|Any CPU = Debug|Any CPU
		Release|Any CPU = Release|Any CPU
	EndGlobalSection
	GlobalSection(ProjectConfigurationPlatforms) = postSolution
		{3154FB47-949D-49A3-9059-D907B09717D9}.Debug|Any CPU.ActiveCfg = Debug|Any CPU
		{3154FB47-949D-49A3-9059-D907B09717D9}.Debug|Any CPU.Build.0 = Debug|Any CPU
		{3154FB47-949D-49A3-9059-D907B09717D9}.Release|Any CPU.ActiveCfg = Release|Any CPU
		{3154FB47-949D-49A3-9059-D907B09717D9}.Release|Any CPU.Build.0 = Release|Any CPU
		{1E1C89F9-9762-4C49-A1DC-A1A2F647D3F0}.Debug|Any CPU.ActiveCfg = Debug|Any CPU
		{1E1C89F9-9762-4C49-A1DC-A1A2F647D3F0}.Debug|Any CPU.Build.0 = Debug|Any CPU
		{1E1C89F9-9762-4C49-A1DC-A1A2F647D3F0}.Release|Any CPU.ActiveCfg = Release|Any CPU
		{1E1C89F9-9762-4C49-A1DC-A1A2F647D3F0}.Release|Any CPU.Build.0 = Release|Any CPU
		{9BF32110-3D33-4EDF-9203-4B1BDBDF47C2}.Debug|Any CPU.ActiveCfg = Debug|Any CPU
		{9BF32110-3D33-4EDF-9203-4B1BDBDF47C2}.Debug|Any CPU.Build.0 = Debug|Any CPU
		{9BF32110-3D33-4EDF-9203-4B1BDBDF47C2}.Release|Any CPU.ActiveCfg = Release|Any CPU
		{9BF32110-3D33-4EDF-9203-4B1BDBDF47C2}.Release|Any CPU.Build.0 = Release|Any CPU
		{C87DDD69-4265-49AA-AAA7-55E93CA106DF}.Debug|Any CPU.ActiveCfg = Debug|Any CPU
		{C87DDD69-4265-49AA-AAA7-55E93CA106DF}.Debug|Any CPU.Build.0 = Debug|Any CPU
		{C87DDD69-4265-49AA-AAA7-55E93CA106DF}.Release|Any CPU.ActiveCfg = Release|Any CPU
		{C87DDD69-4265-49AA-AAA7-55E93CA106DF}.Release|Any CPU.Build.0 = Release|Any CPU
		{6CE897FF-1E21-447A-AF1A-843B85418EC6}.Debug|Any CPU.ActiveCfg = Debug|Any CPU
		{6CE897FF-1E21-447A-AF1A-843B85418EC6}.Debug|Any CPU.Build.0 = Debug|Any CPU
		{6CE897FF-1E21-447A-AF1A-843B85418EC6}.Release|Any CPU.ActiveCfg = Release|Any CPU
		{6CE897FF-1E21-447A-AF1A-843B85418EC6}.Release|Any CPU.Build.0 = Release|Any CPU
		{678C891A-88D2-4F52-8B27-F79590843774}.Debug|Any CPU.ActiveCfg = Debug|Any CPU
		{678C891A-88D2-4F52-8B27-F79590843774}.Debug|Any CPU.Build.0 = Debug|Any CPU
		{678C891A-88D2-4F52-8B27-F79590843774}.Release|Any CPU.ActiveCfg = Release|Any CPU
		{678C891A-88D2-4F52-8B27-F79590843774}.Release|Any CPU.Build.0 = Release|Any CPU
		{CC11A281-CBFF-4193-A03E-B2B6989E7B06}.Debug|Any CPU.ActiveCfg = Debug|Any CPU
		{CC11A281-CBFF-4193-A03E-B2B6989E7B06}.Debug|Any CPU.Build.0 = Debug|Any CPU
		{CC11A281-CBFF-4193-A03E-B2B6989E7B06}.Release|Any CPU.ActiveCfg = Release|Any CPU
		{CC11A281-CBFF-4193-A03E-B2B6989E7B06}.Release|Any CPU.Build.0 = Release|Any CPU
		{B91E9635-A721-4120-943C-DBF0D40022B4}.Debug|Any CPU.ActiveCfg = Debug|Any CPU
		{B91E9635-A721-4120-943C-DBF0D40022B4}.Debug|Any CPU.Build.0 = Debug|Any CPU
		{B91E9635-A721-4120-943C-DBF0D40022B4}.Release|Any CPU.ActiveCfg = Release|Any CPU
		{B91E9635-A721-4120-943C-DBF0D40022B4}.Release|Any CPU.Build.0 = Release|Any CPU
		{F1F9EAF1-90C8-4066-8650-4EC350EF3EA3}.Debug|Any CPU.ActiveCfg = Debug|Any CPU
		{F1F9EAF1-90C8-4066-8650-4EC350EF3EA3}.Debug|Any CPU.Build.0 = Debug|Any CPU
		{F1F9EAF1-90C8-4066-8650-4EC350EF3EA3}.Release|Any CPU.ActiveCfg = Release|Any CPU
		{F1F9EAF1-90C8-4066-8650-4EC350EF3EA3}.Release|Any CPU.Build.0 = Release|Any CPU
		{9AAB4FB9-7FD0-47A1-85E8-B5B6B414074C}.Debug|Any CPU.ActiveCfg = Debug|Any CPU
		{9AAB4FB9-7FD0-47A1-85E8-B5B6B414074C}.Debug|Any CPU.Build.0 = Debug|Any CPU
		{9AAB4FB9-7FD0-47A1-85E8-B5B6B414074C}.Release|Any CPU.ActiveCfg = Release|Any CPU
		{9AAB4FB9-7FD0-47A1-85E8-B5B6B414074C}.Release|Any CPU.Build.0 = Release|Any CPU
		{35D8688C-CDA5-4614-B8D0-B151055F5E29}.Debug|Any CPU.ActiveCfg = Debug|Any CPU
		{35D8688C-CDA5-4614-B8D0-B151055F5E29}.Debug|Any CPU.Build.0 = Debug|Any CPU
		{35D8688C-CDA5-4614-B8D0-B151055F5E29}.Release|Any CPU.ActiveCfg = Release|Any CPU
		{35D8688C-CDA5-4614-B8D0-B151055F5E29}.Release|Any CPU.Build.0 = Release|Any CPU
		{9DD3684C-D6B4-40B3-8E78-03330C3D3160}.Debug|Any CPU.ActiveCfg = Debug|Any CPU
		{9DD3684C-D6B4-40B3-8E78-03330C3D3160}.Debug|Any CPU.Build.0 = Debug|Any CPU
		{9DD3684C-D6B4-40B3-8E78-03330C3D3160}.Release|Any CPU.ActiveCfg = Release|Any CPU
		{9DD3684C-D6B4-40B3-8E78-03330C3D3160}.Release|Any CPU.Build.0 = Release|Any CPU
		{C3EC0AA6-5B69-4640-9691-C55A730484F7}.Debug|Any CPU.ActiveCfg = Debug|Any CPU
		{C3EC0AA6-5B69-4640-9691-C55A730484F7}.Debug|Any CPU.Build.0 = Debug|Any CPU
		{C3EC0AA6-5B69-4640-9691-C55A730484F7}.Release|Any CPU.ActiveCfg = Release|Any CPU
		{C3EC0AA6-5B69-4640-9691-C55A730484F7}.Release|Any CPU.Build.0 = Release|Any CPU
		{E5ED8672-CFF2-4279-8C90-8C3091A808FD}.Debug|Any CPU.ActiveCfg = Debug|Any CPU
		{E5ED8672-CFF2-4279-8C90-8C3091A808FD}.Debug|Any CPU.Build.0 = Debug|Any CPU
		{E5ED8672-CFF2-4279-8C90-8C3091A808FD}.Release|Any CPU.ActiveCfg = Release|Any CPU
		{E5ED8672-CFF2-4279-8C90-8C3091A808FD}.Release|Any CPU.Build.0 = Release|Any CPU
		{95B1A5F6-8B91-4CD0-85F8-34340D37A232}.Debug|Any CPU.ActiveCfg = Debug|Any CPU
		{95B1A5F6-8B91-4CD0-85F8-34340D37A232}.Debug|Any CPU.Build.0 = Debug|Any CPU
		{95B1A5F6-8B91-4CD0-85F8-34340D37A232}.Release|Any CPU.ActiveCfg = Release|Any CPU
		{95B1A5F6-8B91-4CD0-85F8-34340D37A232}.Release|Any CPU.Build.0 = Release|Any CPU
	EndGlobalSection
	GlobalSection(SolutionProperties) = preSolution
		HideSolutionNode = FALSE
	EndGlobalSection
	GlobalSection(ExtensibilityGlobals) = postSolution
		SolutionGuid = {32686097-1D08-474B-892C-4F1AF500EA09}
	EndGlobalSection
EndGlobal
